
Microsoft Visual Studio Solution File, Format Version 12.00
# Visual Studio Version 17
VisualStudioVersion = 17.7.34031.279
MinimumVisualStudioVersion = 10.0.40219.1
Project("{8BC9CEB8-8B4A-11D0-8D11-00A0C91BC942}") = "matrixes", "matrixes\matrixes.vcxproj", "{803AB120-00EA-4E3A-849F-7FA539E8126E}"
EndProject
Project("{8BC9CEB8-8B4A-11D0-8D11-00A0C91BC942}") = "q1a_lab16", "q1a_lab16\q1a_lab16.vcxproj", "{8A176FBE-91AC-4231-9D58-19F982DB83A1}"
EndProject
Project("{8BC9CEB8-8B4A-11D0-8D11-00A0C91BC942}") = "q1_b_lab16", "q1_b_lab16\q1_b_lab16.vcxproj", "{AD9EF690-06FE-4E01-BAC3-DC245C9CEFF7}"
EndProject
Project("{8BC9CEB8-8B4A-11D0-8D11-00A0C91BC942}") = "q1_c_lab16", "q1_c_lab16\q1_c_lab16.vcxproj", "{18DC5B75-6261-4F52-92B2-08EFDC040AEA}"
EndProject
Project("{8BC9CEB8-8B4A-11D0-8D11-00A0C91BC942}") = "q2_lab16", "q2_lab16\q2_lab16.vcxproj", "{D85A19EB-C53D-4A36-AFD5-3A984A9F18EC}"
EndProject
Project("{8BC9CEB8-8B4A-11D0-8D11-00A0C91BC942}") = "lab17_q2", "lab17_q2\lab17_q2.vcxproj", "{CCC66B43-4728-4055-A643-81F8336786F1}"
EndProject
Project("{8BC9CEB8-8B4A-11D0-8D11-00A0C91BC942}") = "lab17_ad", "lab17_ad\lab17_ad.vcxproj", "{E9FE4F9B-B3F1-407B-B11F-5ED8C70A4EAC}"
EndProject
Project("{8BC9CEB8-8B4A-11D0-8D11-00A0C91BC942}") = "extra_16", "lab17_q4\lab17_q4.vcxproj", "{3C306FE3-9A2B-4F50-B8F5-3AE8B8D042B1}"
EndProject
Project("{8BC9CEB8-8B4A-11D0-8D11-00A0C91BC942}") = "lab17_q3", "lab17_q3\lab17_q3.vcxproj", "{4C4E13DA-7F16-4B30-9126-FC2B820665DB}"
EndProject
Project("{8BC9CEB8-8B4A-11D0-8D11-00A0C91BC942}") = "lab15_AD", "extra_17\extra_17.vcxproj", "{8C255134-982B-4254-B494-C37F9C6943DA}"
EndProject
Global
	GlobalSection(SolutionConfigurationPlatforms) = preSolution
		Debug|x64 = Debug|x64
		Debug|x86 = Debug|x86
		Release|x64 = Release|x64
		Release|x86 = Release|x86
	EndGlobalSection
	GlobalSection(ProjectConfigurationPlatforms) = postSolution
		{803AB120-00EA-4E3A-849F-7FA539E8126E}.Debug|x64.ActiveCfg = Debug|x64
		{803AB120-00EA-4E3A-849F-7FA539E8126E}.Debug|x64.Build.0 = Debug|x64
		{803AB120-00EA-4E3A-849F-7FA539E8126E}.Debug|x86.ActiveCfg = Debug|Win32
		{803AB120-00EA-4E3A-849F-7FA539E8126E}.Debug|x86.Build.0 = Debug|Win32
		{803AB120-00EA-4E3A-849F-7FA539E8126E}.Release|x64.ActiveCfg = Release|x64
		{803AB120-00EA-4E3A-849F-7FA539E8126E}.Release|x64.Build.0 = Release|x64
		{803AB120-00EA-4E3A-849F-7FA539E8126E}.Release|x86.ActiveCfg = Release|Win32
		{803AB120-00EA-4E3A-849F-7FA539E8126E}.Release|x86.Build.0 = Release|Win32
		{8A176FBE-91AC-4231-9D58-19F982DB83A1}.Debug|x64.ActiveCfg = Debug|x64
		{8A176FBE-91AC-4231-9D58-19F982DB83A1}.Debug|x64.Build.0 = Debug|x64
		{8A176FBE-91AC-4231-9D58-19F982DB83A1}.Debug|x86.ActiveCfg = Debug|Win32
		{8A176FBE-91AC-4231-9D58-19F982DB83A1}.Debug|x86.Build.0 = Debug|Win32
		{8A176FBE-91AC-4231-9D58-19F982DB83A1}.Release|x64.ActiveCfg = Release|x64
		{8A176FBE-91AC-4231-9D58-19F982DB83A1}.Release|x64.Build.0 = Release|x64
		{8A176FBE-91AC-4231-9D58-19F982DB83A1}.Release|x86.ActiveCfg = Release|Win32
		{8A176FBE-91AC-4231-9D58-19F982DB83A1}.Release|x86.Build.0 = Release|Win32
		{AD9EF690-06FE-4E01-BAC3-DC245C9CEFF7}.Debug|x64.ActiveCfg = Debug|x64
		{AD9EF690-06FE-4E01-BAC3-DC245C9CEFF7}.Debug|x64.Build.0 = Debug|x64
		{AD9EF690-06FE-4E01-BAC3-DC245C9CEFF7}.Debug|x86.ActiveCfg = Debug|Win32
		{AD9EF690-06FE-4E01-BAC3-DC245C9CEFF7}.Debug|x86.Build.0 = Debug|Win32
		{AD9EF690-06FE-4E01-BAC3-DC245C9CEFF7}.Release|x64.ActiveCfg = Release|x64
		{AD9EF690-06FE-4E01-BAC3-DC245C9CEFF7}.Release|x64.Build.0 = Release|x64
		{AD9EF690-06FE-4E01-BAC3-DC245C9CEFF7}.Release|x86.ActiveCfg = Release|Win32
		{AD9EF690-06FE-4E01-BAC3-DC245C9CEFF7}.Release|x86.Build.0 = Release|Win32
		{18DC5B75-6261-4F52-92B2-08EFDC040AEA}.Debug|x64.ActiveCfg = Debug|x64
		{18DC5B75-6261-4F52-92B2-08EFDC040AEA}.Debug|x64.Build.0 = Debug|x64
		{18DC5B75-6261-4F52-92B2-08EFDC040AEA}.Debug|x86.ActiveCfg = Debug|Win32
		{18DC5B75-6261-4F52-92B2-08EFDC040AEA}.Debug|x86.Build.0 = Debug|Win32
		{18DC5B75-6261-4F52-92B2-08EFDC040AEA}.Release|x64.ActiveCfg = Release|x64
		{18DC5B75-6261-4F52-92B2-08EFDC040AEA}.Release|x64.Build.0 = Release|x64
		{18DC5B75-6261-4F52-92B2-08EFDC040AEA}.Release|x86.ActiveCfg = Release|Win32
		{18DC5B75-6261-4F52-92B2-08EFDC040AEA}.Release|x86.Build.0 = Release|Win32
		{D85A19EB-C53D-4A36-AFD5-3A984A9F18EC}.Debug|x64.ActiveCfg = Debug|x64
		{D85A19EB-C53D-4A36-AFD5-3A984A9F18EC}.Debug|x64.Build.0 = Debug|x64
		{D85A19EB-C53D-4A36-AFD5-3A984A9F18EC}.Debug|x86.ActiveCfg = Debug|Win32
		{D85A19EB-C53D-4A36-AFD5-3A984A9F18EC}.Debug|x86.Build.0 = Debug|Win32
		{D85A19EB-C53D-4A36-AFD5-3A984A9F18EC}.Release|x64.ActiveCfg = Release|x64
		{D85A19EB-C53D-4A36-AFD5-3A984A9F18EC}.Release|x64.Build.0 = Release|x64
		{D85A19EB-C53D-4A36-AFD5-3A984A9F18EC}.Release|x86.ActiveCfg = Release|Win32
		{D85A19EB-C53D-4A36-AFD5-3A984A9F18EC}.Release|x86.Build.0 = Release|Win32
		{CCC66B43-4728-4055-A643-81F8336786F1}.Debug|x64.ActiveCfg = Debug|x64
		{CCC66B43-4728-4055-A643-81F8336786F1}.Debug|x64.Build.0 = Debug|x64
		{CCC66B43-4728-4055-A643-81F8336786F1}.Debug|x86.ActiveCfg = Debug|Win32
		{CCC66B43-4728-4055-A643-81F8336786F1}.Debug|x86.Build.0 = Debug|Win32
		{CCC66B43-4728-4055-A643-81F8336786F1}.Release|x64.ActiveCfg = Release|x64
		{CCC66B43-4728-4055-A643-81F8336786F1}.Release|x64.Build.0 = Release|x64
		{CCC66B43-4728-4055-A643-81F8336786F1}.Release|x86.ActiveCfg = Release|Win32
		{CCC66B43-4728-4055-A643-81F8336786F1}.Release|x86.Build.0 = Release|Win32
		{E9FE4F9B-B3F1-407B-B11F-5ED8C70A4EAC}.Debug|x64.ActiveCfg = Debug|x64
		{E9FE4F9B-B3F1-407B-B11F-5ED8C70A4EAC}.Debug|x64.Build.0 = Debug|x64
		{E9FE4F9B-B3F1-407B-B11F-5ED8C70A4EAC}.Debug|x86.ActiveCfg = Debug|Win32
		{E9FE4F9B-B3F1-407B-B11F-5ED8C70A4EAC}.Debug|x86.Build.0 = Debug|Win32
		{E9FE4F9B-B3F1-407B-B11F-5ED8C70A4EAC}.Release|x64.ActiveCfg = Release|x64
		{E9FE4F9B-B3F1-407B-B11F-5ED8C70A4EAC}.Release|x64.Build.0 = Release|x64
		{E9FE4F9B-B3F1-407B-B11F-5ED8C70A4EAC}.Release|x86.ActiveCfg = Release|Win32
		{E9FE4F9B-B3F1-407B-B11F-5ED8C70A4EAC}.Release|x86.Build.0 = Release|Win32
		{3C306FE3-9A2B-4F50-B8F5-3AE8B8D042B1}.Debug|x64.ActiveCfg = Debug|x64
		{3C306FE3-9A2B-4F50-B8F5-3AE8B8D042B1}.Debug|x64.Build.0 = Debug|x64
		{3C306FE3-9A2B-4F50-B8F5-3AE8B8D042B1}.Debug|x86.ActiveCfg = Debug|Win32
		{3C306FE3-9A2B-4F50-B8F5-3AE8B8D042B1}.Debug|x86.Build.0 = Debug|Win32
		{3C306FE3-9A2B-4F50-B8F5-3AE8B8D042B1}.Release|x64.ActiveCfg = Release|x64
		{3C306FE3-9A2B-4F50-B8F5-3AE8B8D042B1}.Release|x64.Build.0 = Release|x64
		{3C306FE3-9A2B-4F50-B8F5-3AE8B8D042B1}.Release|x86.ActiveCfg = Release|Win32
		{3C306FE3-9A2B-4F50-B8F5-3AE8B8D042B1}.Release|x86.Build.0 = Release|Win32
		{4C4E13DA-7F16-4B30-9126-FC2B820665DB}.Debug|x64.ActiveCfg = Debug|x64
		{4C4E13DA-7F16-4B30-9126-FC2B820665DB}.Debug|x64.Build.0 = Debug|x64
		{4C4E13DA-7F16-4B30-9126-FC2B820665DB}.Debug|x86.ActiveCfg = Debug|Win32
		{4C4E13DA-7F16-4B30-9126-FC2B820665DB}.Debug|x86.Build.0 = Debug|Win32
		{4C4E13DA-7F16-4B30-9126-FC2B820665DB}.Release|x64.ActiveCfg = Release|x64
		{4C4E13DA-7F16-4B30-9126-FC2B820665DB}.Release|x64.Build.0 = Release|x64
		{4C4E13DA-7F16-4B30-9126-FC2B820665DB}.Release|x86.ActiveCfg = Release|Win32
		{4C4E13DA-7F16-4B30-9126-FC2B820665DB}.Release|x86.Build.0 = Release|Win32
		{8C255134-982B-4254-B494-C37F9C6943DA}.Debug|x64.ActiveCfg = Debug|x64
		{8C255134-982B-4254-B494-C37F9C6943DA}.Debug|x64.Build.0 = Debug|x64
		{8C255134-982B-4254-B494-C37F9C6943DA}.Debug|x86.ActiveCfg = Debug|Win32
		{8C255134-982B-4254-B494-C37F9C6943DA}.Debug|x86.Build.0 = Debug|Win32
		{8C255134-982B-4254-B494-C37F9C6943DA}.Release|x64.ActiveCfg = Release|x64
		{8C255134-982B-4254-B494-C37F9C6943DA}.Release|x64.Build.0 = Release|x64
		{8C255134-982B-4254-B494-C37F9C6943DA}.Release|x86.ActiveCfg = Release|Win32
		{8C255134-982B-4254-B494-C37F9C6943DA}.Release|x86.Build.0 = Release|Win32
	EndGlobalSection
	GlobalSection(SolutionProperties) = preSolution
		HideSolutionNode = FALSE
	EndGlobalSection
	GlobalSection(ExtensibilityGlobals) = postSolution
		SolutionGuid = {EC6D818F-C092-4F00-A943-048EFD627724}
	EndGlobalSection
EndGlobal
